
Microsoft Visual Studio Solution File, Format Version 12.00
# Visual Studio Version 17
VisualStudioVersion = 17.11.35222.181
MinimumVisualStudioVersion = 10.0.40219.1
Project("{FAE04EC0-301F-11D3-BF4B-00C04F79EFBC}") = "HMS.PayrollMicroService.API", "HMS.PayrollMicroService.API\HMS.PayrollMicroService.API.csproj", "{35EA3458-CF19-4263-8640-26B7005D44B5}"
EndProject
Project("{FAE04EC0-301F-11D3-BF4B-00C04F79EFBC}") = "HMS.PayrollMicroService.Application", "HMS.PayrollMicroService.Application\HMS.PayrollMicroService.Application.csproj", "{221638E2-A75F-48BC-B14B-72BBC5CE9C71}"
EndProject
Project("{FAE04EC0-301F-11D3-BF4B-00C04F79EFBC}") = "HMS.PayrollMicroService.Core", "HMS.PayrollMicroService.Core\HMS.PayrollMicroService.Core.csproj", "{4DF90626-D33E-47BF-B898-93DBD4AB3033}"
EndProject
Project("{FAE04EC0-301F-11D3-BF4B-00C04F79EFBC}") = "HMS.PayrollMicroService.Infratructure", "HMS.PayrollMicroService.Infratructure\HMS.PayrollMicroService.Infratructure.csproj", "{40956783-584A-4201-A846-0E533BDC73EF}"
EndProject
Project("{FAE04EC0-301F-11D3-BF4B-00C04F79EFBC}") = "HMS.PayrollMicroService.Messaging", "HMS.PayrollMicroService.Messaging\HMS.PayrollMicroService.Messaging.csproj", "{2030701B-BC3B-4578-A814-CB85D6044EA7}"
EndProject
Global
	GlobalSection(SolutionConfigurationPlatforms) = preSolution
		Debug|Any CPU = Debug|Any CPU
		Release|Any CPU = Release|Any CPU
	EndGlobalSection
	GlobalSection(ProjectConfigurationPlatforms) = postSolution
		{35EA3458-CF19-4263-8640-26B7005D44B5}.Debug|Any CPU.ActiveCfg = Debug|Any CPU
		{35EA3458-CF19-4263-8640-26B7005D44B5}.Debug|Any CPU.Build.0 = Debug|Any CPU
		{35EA3458-CF19-4263-8640-26B7005D44B5}.Release|Any CPU.ActiveCfg = Release|Any CPU
		{35EA3458-CF19-4263-8640-26B7005D44B5}.Release|Any CPU.Build.0 = Release|Any CPU
		{221638E2-A75F-48BC-B14B-72BBC5CE9C71}.Debug|Any CPU.ActiveCfg = Debug|Any CPU
		{221638E2-A75F-48BC-B14B-72BBC5CE9C71}.Debug|Any CPU.Build.0 = Debug|Any CPU
		{221638E2-A75F-48BC-B14B-72BBC5CE9C71}.Release|Any CPU.ActiveCfg = Release|Any CPU
		{221638E2-A75F-48BC-B14B-72BBC5CE9C71}.Release|Any CPU.Build.0 = Release|Any CPU
		{4DF90626-D33E-47BF-B898-93DBD4AB3033}.Debug|Any CPU.ActiveCfg = Debug|Any CPU
		{4DF90626-D33E-47BF-B898-93DBD4AB3033}.Debug|Any CPU.Build.0 = Debug|Any CPU
		{4DF90626-D33E-47BF-B898-93DBD4AB3033}.Release|Any CPU.ActiveCfg = Release|Any CPU
		{4DF90626-D33E-47BF-B898-93DBD4AB3033}.Release|Any CPU.Build.0 = Release|Any CPU
		{40956783-584A-4201-A846-0E533BDC73EF}.Debug|Any CPU.ActiveCfg = Debug|Any CPU
		{40956783-584A-4201-A846-0E533BDC73EF}.Debug|Any CPU.Build.0 = Debug|Any CPU
		{40956783-584A-4201-A846-0E533BDC73EF}.Release|Any CPU.ActiveCfg = Release|Any CPU
		{40956783-584A-4201-A846-0E533BDC73EF}.Release|Any CPU.Build.0 = Release|Any CPU
		{2030701B-BC3B-4578-A814-CB85D6044EA7}.Debug|Any CPU.ActiveCfg = Debug|Any CPU
		{2030701B-BC3B-4578-A814-CB85D6044EA7}.Debug|Any CPU.Build.0 = Debug|Any CPU
		{2030701B-BC3B-4578-A814-CB85D6044EA7}.Release|Any CPU.ActiveCfg = Release|Any CPU
		{2030701B-BC3B-4578-A814-CB85D6044EA7}.Release|Any CPU.Build.0 = Release|Any CPU
	EndGlobalSection
	GlobalSection(SolutionProperties) = preSolution
		HideSolutionNode = FALSE
	EndGlobalSection
	GlobalSection(ExtensibilityGlobals) = postSolution
		SolutionGuid = {918BCDAF-5E1F-4ED3-9442-18400CCFC291}
	EndGlobalSection
EndGlobal
