
Microsoft Visual Studio Solution File, Format Version 12.00
Project("{FAE04EC0-301F-11D3-BF4B-00C04F79EFBC}") = "OmniSphere.Payments.gRpc", "OmniSphere.Payments.gRpc\OmniSphere.Payments.gRpc.csproj", "{C55CDCB6-642A-420D-93FB-DD47295AB4F4}"
EndProject
Project("{FAE04EC0-301F-11D3-BF4B-00C04F79EFBC}") = "OmniSphere.Payments.Application", "OmniSphere.Payments.Application\OmniSphere.Payments.Application.csproj", "{4CBEC492-385D-4A75-9FA1-9944CB1699C0}"
EndProject
Project("{FAE04EC0-301F-11D3-BF4B-00C04F79EFBC}") = "OmniSphere.Payments.Core", "OmniSphere.Payments.Core\OmniSphere.Payments.Core.csproj", "{B00EB9D8-4D24-461C-BD54-04CDCD0F1982}"
EndProject
Project("{FAE04EC0-301F-11D3-BF4B-00C04F79EFBC}") = "OmniSphere.Payments.Infrastructure", "OmniSphere.Payments.Infrastructure\OmniSphere.Payments.Infrastructure.csproj", "{728CA2BE-FE33-4BF2-8216-E8F087ABA91A}"
EndProject
Global
	GlobalSection(SolutionConfigurationPlatforms) = preSolution
		Debug|Any CPU = Debug|Any CPU
		Release|Any CPU = Release|Any CPU
	EndGlobalSection
	GlobalSection(ProjectConfigurationPlatforms) = postSolution
		{C55CDCB6-642A-420D-93FB-DD47295AB4F4}.Debug|Any CPU.ActiveCfg = Debug|Any CPU
		{C55CDCB6-642A-420D-93FB-DD47295AB4F4}.Debug|Any CPU.Build.0 = Debug|Any CPU
		{C55CDCB6-642A-420D-93FB-DD47295AB4F4}.Release|Any CPU.ActiveCfg = Release|Any CPU
		{C55CDCB6-642A-420D-93FB-DD47295AB4F4}.Release|Any CPU.Build.0 = Release|Any CPU
		{4CBEC492-385D-4A75-9FA1-9944CB1699C0}.Debug|Any CPU.ActiveCfg = Debug|Any CPU
		{4CBEC492-385D-4A75-9FA1-9944CB1699C0}.Debug|Any CPU.Build.0 = Debug|Any CPU
		{4CBEC492-385D-4A75-9FA1-9944CB1699C0}.Release|Any CPU.ActiveCfg = Release|Any CPU
		{4CBEC492-385D-4A75-9FA1-9944CB1699C0}.Release|Any CPU.Build.0 = Release|Any CPU
		{B00EB9D8-4D24-461C-BD54-04CDCD0F1982}.Debug|Any CPU.ActiveCfg = Debug|Any CPU
		{B00EB9D8-4D24-461C-BD54-04CDCD0F1982}.Debug|Any CPU.Build.0 = Debug|Any CPU
		{B00EB9D8-4D24-461C-BD54-04CDCD0F1982}.Release|Any CPU.ActiveCfg = Release|Any CPU
		{B00EB9D8-4D24-461C-BD54-04CDCD0F1982}.Release|Any CPU.Build.0 = Release|Any CPU
		{728CA2BE-FE33-4BF2-8216-E8F087ABA91A}.Debug|Any CPU.ActiveCfg = Debug|Any CPU
		{728CA2BE-FE33-4BF2-8216-E8F087ABA91A}.Debug|Any CPU.Build.0 = Debug|Any CPU
		{728CA2BE-FE33-4BF2-8216-E8F087ABA91A}.Release|Any CPU.ActiveCfg = Release|Any CPU
		{728CA2BE-FE33-4BF2-8216-E8F087ABA91A}.Release|Any CPU.Build.0 = Release|Any CPU
	EndGlobalSection
EndGlobal
