
Microsoft Visual Studio Solution File, Format Version 12.00
# Visual Studio Version 17
VisualStudioVersion = 17.11.35222.181
MinimumVisualStudioVersion = 10.0.40219.1
Project("{9A19103F-16F7-4668-BE54-9A1E7A4F7556}") = "HMS.Payments.Core", "HMS.Payment.Core\HMS.Payments.Core.csproj", "{BE7E0228-7572-4E3F-B25E-616876C9C39B}"
EndProject
Project("{9A19103F-16F7-4668-BE54-9A1E7A4F7556}") = "HMS.Payments.Application", "HMS.Payment.Application\HMS.Payments.Application.csproj", "{D3DD8749-4011-4F72-AAA4-3B93094E3D96}"
EndProject
Project("{9A19103F-16F7-4668-BE54-9A1E7A4F7556}") = "HMS.Payments.Infrastructure", "HMS.Payment.Infrastructure\HMS.Payments.Infrastructure.csproj", "{D850E641-B18B-4FF9-9E1D-EAA2DC57FF34}"
EndProject
Project("{FAE04EC0-301F-11D3-BF4B-00C04F79EFBC}") = "HMS.Payments.Messaging", "HMS.Payments.Messaging\HMS.Payments.Messaging.csproj", "{A323D6DC-52C8-4C81-B3DF-2671C8753360}"
EndProject
Project("{FAE04EC0-301F-11D3-BF4B-00C04F79EFBC}") = "HMS.Payments.Grpc", " HMS.Payments.Grpc\HMS.Payments.Grpc.csproj", "{F62A71E0-01C9-4EC3-BB80-FA9BB7DEF8B1}"
EndProject
Global
	GlobalSection(SolutionConfigurationPlatforms) = preSolution
		Debug|Any CPU = Debug|Any CPU
		Release|Any CPU = Release|Any CPU
	EndGlobalSection
	GlobalSection(ProjectConfigurationPlatforms) = postSolution
		{BE7E0228-7572-4E3F-B25E-616876C9C39B}.Debug|Any CPU.ActiveCfg = Debug|Any CPU
		{BE7E0228-7572-4E3F-B25E-616876C9C39B}.Debug|Any CPU.Build.0 = Debug|Any CPU
		{BE7E0228-7572-4E3F-B25E-616876C9C39B}.Release|Any CPU.ActiveCfg = Release|Any CPU
		{BE7E0228-7572-4E3F-B25E-616876C9C39B}.Release|Any CPU.Build.0 = Release|Any CPU
		{D3DD8749-4011-4F72-AAA4-3B93094E3D96}.Debug|Any CPU.ActiveCfg = Debug|Any CPU
		{D3DD8749-4011-4F72-AAA4-3B93094E3D96}.Debug|Any CPU.Build.0 = Debug|Any CPU
		{D3DD8749-4011-4F72-AAA4-3B93094E3D96}.Release|Any CPU.ActiveCfg = Release|Any CPU
		{D3DD8749-4011-4F72-AAA4-3B93094E3D96}.Release|Any CPU.Build.0 = Release|Any CPU
		{D850E641-B18B-4FF9-9E1D-EAA2DC57FF34}.Debug|Any CPU.ActiveCfg = Debug|Any CPU
		{D850E641-B18B-4FF9-9E1D-EAA2DC57FF34}.Debug|Any CPU.Build.0 = Debug|Any CPU
		{D850E641-B18B-4FF9-9E1D-EAA2DC57FF34}.Release|Any CPU.ActiveCfg = Release|Any CPU
		{D850E641-B18B-4FF9-9E1D-EAA2DC57FF34}.Release|Any CPU.Build.0 = Release|Any CPU
		{A323D6DC-52C8-4C81-B3DF-2671C8753360}.Debug|Any CPU.ActiveCfg = Debug|Any CPU
		{A323D6DC-52C8-4C81-B3DF-2671C8753360}.Debug|Any CPU.Build.0 = Debug|Any CPU
		{A323D6DC-52C8-4C81-B3DF-2671C8753360}.Release|Any CPU.ActiveCfg = Release|Any CPU
		{A323D6DC-52C8-4C81-B3DF-2671C8753360}.Release|Any CPU.Build.0 = Release|Any CPU
		{F62A71E0-01C9-4EC3-BB80-FA9BB7DEF8B1}.Debug|Any CPU.ActiveCfg = Debug|Any CPU
		{F62A71E0-01C9-4EC3-BB80-FA9BB7DEF8B1}.Debug|Any CPU.Build.0 = Debug|Any CPU
		{F62A71E0-01C9-4EC3-BB80-FA9BB7DEF8B1}.Release|Any CPU.ActiveCfg = Release|Any CPU
		{F62A71E0-01C9-4EC3-BB80-FA9BB7DEF8B1}.Release|Any CPU.Build.0 = Release|Any CPU
	EndGlobalSection
	GlobalSection(SolutionProperties) = preSolution
		HideSolutionNode = FALSE
	EndGlobalSection
	GlobalSection(ExtensibilityGlobals) = postSolution
		SolutionGuid = {519FEB92-A206-49D5-B297-090C61FA48F2}
	EndGlobalSection
EndGlobal
