
Microsoft Visual Studio Solution File, Format Version 12.00
# Visual Studio Version 17
VisualStudioVersion = 17.10.35027.167
MinimumVisualStudioVersion = 10.0.40219.1
Project("{FAE04EC0-301F-11D3-BF4B-00C04F79EFBC}") = "HMS.API", "HMS.API\HMS.API.csproj", "{760E5DBD-FF3D-4E87-9605-D86552FC6376}"
EndProject
Project("{FAE04EC0-301F-11D3-BF4B-00C04F79EFBC}") = "HMS.Application", "HMS.Application\HMS.Application.csproj", "{3032B81D-1C4D-4908-A351-0B3537C703A1}"
EndProject
Project("{FAE04EC0-301F-11D3-BF4B-00C04F79EFBC}") = "HMS.Core", "HMS.Core\HMS.Core.csproj", "{21D2F337-FE0E-47EF-80B9-A66ECEEBA7AA}"
EndProject
Project("{FAE04EC0-301F-11D3-BF4B-00C04F79EFBC}") = "HMS.Infrastructure", "HMS.Infrastructure\HMS.Infrastructure.csproj", "{35EF56F6-BF29-4545-8FB0-34BAEEFF84ED}"
EndProject
Project("{FAE04EC0-301F-11D3-BF4B-00C04F79EFBC}") = "HMS.Messaging", "HMS.Messaging\HMS.Messaging.csproj", "{AAE64A59-B779-4F31-B5E7-D399ACC12AC8}"
EndProject
Global
	GlobalSection(SolutionConfigurationPlatforms) = preSolution
		Debug|Any CPU = Debug|Any CPU
		Release|Any CPU = Release|Any CPU
	EndGlobalSection
	GlobalSection(ProjectConfigurationPlatforms) = postSolution
		{760E5DBD-FF3D-4E87-9605-D86552FC6376}.Debug|Any CPU.ActiveCfg = Debug|Any CPU
		{760E5DBD-FF3D-4E87-9605-D86552FC6376}.Debug|Any CPU.Build.0 = Debug|Any CPU
		{760E5DBD-FF3D-4E87-9605-D86552FC6376}.Release|Any CPU.ActiveCfg = Release|Any CPU
		{760E5DBD-FF3D-4E87-9605-D86552FC6376}.Release|Any CPU.Build.0 = Release|Any CPU
		{3032B81D-1C4D-4908-A351-0B3537C703A1}.Debug|Any CPU.ActiveCfg = Debug|Any CPU
		{3032B81D-1C4D-4908-A351-0B3537C703A1}.Debug|Any CPU.Build.0 = Debug|Any CPU
		{3032B81D-1C4D-4908-A351-0B3537C703A1}.Release|Any CPU.ActiveCfg = Release|Any CPU
		{3032B81D-1C4D-4908-A351-0B3537C703A1}.Release|Any CPU.Build.0 = Release|Any CPU
		{21D2F337-FE0E-47EF-80B9-A66ECEEBA7AA}.Debug|Any CPU.ActiveCfg = Debug|Any CPU
		{21D2F337-FE0E-47EF-80B9-A66ECEEBA7AA}.Debug|Any CPU.Build.0 = Debug|Any CPU
		{21D2F337-FE0E-47EF-80B9-A66ECEEBA7AA}.Release|Any CPU.ActiveCfg = Release|Any CPU
		{21D2F337-FE0E-47EF-80B9-A66ECEEBA7AA}.Release|Any CPU.Build.0 = Release|Any CPU
		{35EF56F6-BF29-4545-8FB0-34BAEEFF84ED}.Debug|Any CPU.ActiveCfg = Debug|Any CPU
		{35EF56F6-BF29-4545-8FB0-34BAEEFF84ED}.Debug|Any CPU.Build.0 = Debug|Any CPU
		{35EF56F6-BF29-4545-8FB0-34BAEEFF84ED}.Release|Any CPU.ActiveCfg = Release|Any CPU
		{35EF56F6-BF29-4545-8FB0-34BAEEFF84ED}.Release|Any CPU.Build.0 = Release|Any CPU
		{AAE64A59-B779-4F31-B5E7-D399ACC12AC8}.Debug|Any CPU.ActiveCfg = Debug|Any CPU
		{AAE64A59-B779-4F31-B5E7-D399ACC12AC8}.Debug|Any CPU.Build.0 = Debug|Any CPU
		{AAE64A59-B779-4F31-B5E7-D399ACC12AC8}.Release|Any CPU.ActiveCfg = Release|Any CPU
		{AAE64A59-B779-4F31-B5E7-D399ACC12AC8}.Release|Any CPU.Build.0 = Release|Any CPU
	EndGlobalSection
	GlobalSection(SolutionProperties) = preSolution
		HideSolutionNode = FALSE
	EndGlobalSection
	GlobalSection(ExtensibilityGlobals) = postSolution
		SolutionGuid = {1097B698-0491-42D0-A9EB-401EABD86C74}
	EndGlobalSection
EndGlobal
